
Microsoft Visual Studio Solution File, Format Version 12.00
# Visual Studio Version 16
VisualStudioVersion = 16.0.28531.58
MinimumVisualStudioVersion = 10.0.40219.1
Project("{FAE04EC0-301F-11D3-BF4B-00C04F79EFBC}") = "ImplementationFactoryExample.Web", "ImplementationFactoryExample.Web\ImplementationFactoryExample.Web.csproj", "{1F3548E3-B3F3-4C6D-B557-85370D99A636}"
EndProject
Global
	GlobalSection(SolutionConfigurationPlatforms) = preSolution
		Debug|Any CPU = Debug|Any CPU
		Release|Any CPU = Release|Any CPU
	EndGlobalSection
	GlobalSection(ProjectConfigurationPlatforms) = postSolution
		{1F3548E3-B3F3-4C6D-B557-85370D99A636}.Debug|Any CPU.ActiveCfg = Debug|Any CPU
		{1F3548E3-B3F3-4C6D-B557-85370D99A636}.Debug|Any CPU.Build.0 = Debug|Any CPU
		{1F3548E3-B3F3-4C6D-B557-85370D99A636}.Release|Any CPU.ActiveCfg = Release|Any CPU
		{1F3548E3-B3F3-4C6D-B557-85370D99A636}.Release|Any CPU.Build.0 = Release|Any CPU
	EndGlobalSection
	GlobalSection(SolutionProperties) = preSolution
		HideSolutionNode = FALSE
	EndGlobalSection
	GlobalSection(ExtensibilityGlobals) = postSolution
		SolutionGuid = {81DB88C2-C45A-4FC4-A24E-60926C1DED70}
	EndGlobalSection
EndGlobal
